
Microsoft Visual Studio Solution File, Format Version 12.00
# Visual Studio Version 17
VisualStudioVersion = 17.14.36511.14 d17.14
MinimumVisualStudioVersion = 10.0.40219.1
Project("{FAE04EC0-301F-11D3-BF4B-00C04F79EFBC}") = "Personel_Kayit", "Personel_Kayit.csproj", "{A8CAFD68-4254-412C-A3FC-41EF4FBCB983}"
EndProject
Global
	GlobalSection(SolutionConfigurationPlatforms) = preSolution
		Debug|Any CPU = Debug|Any CPU
		Release|Any CPU = Release|Any CPU
	EndGlobalSection
	GlobalSection(ProjectConfigurationPlatforms) = postSolution
		{A8CAFD68-4254-412C-A3FC-41EF4FBCB983}.Debug|Any CPU.ActiveCfg = Debug|Any CPU
		{A8CAFD68-4254-412C-A3FC-41EF4FBCB983}.Debug|Any CPU.Build.0 = Debug|Any CPU
		{A8CAFD68-4254-412C-A3FC-41EF4FBCB983}.Release|Any CPU.ActiveCfg = Release|Any CPU
		{A8CAFD68-4254-412C-A3FC-41EF4FBCB983}.Release|Any CPU.Build.0 = Release|Any CPU
	EndGlobalSection
	GlobalSection(SolutionProperties) = preSolution
		HideSolutionNode = FALSE
	EndGlobalSection
	GlobalSection(ExtensibilityGlobals) = postSolution
		SolutionGuid = {5C847336-4345-49CE-9035-D4BB615CB241}
	EndGlobalSection
EndGlobal
